// !$*UTF8*$!
{
	archiveVersion = 1;
	classes = {
	};
	objectVersion = 46;
	objects = {

/* Begin PBXBuildFile section */
		B594C20A1A8FD3260078EDFD /* FeedViewController.swift in Sources */ = {isa = PBXBuildFile; fileRef = B594C2091A8FD3260078EDFD /* FeedViewController.swift */; };
		B594C20C1A8FD6730078EDFD /* ConversationsViewController.swift in Sources */ = {isa = PBXBuildFile; fileRef = B594C20B1A8FD6730078EDFD /* ConversationsViewController.swift */; };
		B594C20E1A8FD77F0078EDFD /* SettingsViewController.swift in Sources */ = {isa = PBXBuildFile; fileRef = B594C20D1A8FD77F0078EDFD /* SettingsViewController.swift */; };
		B5D475041A8BC4D400C25F60 /* AppDelegate.swift in Sources */ = {isa = PBXBuildFile; fileRef = B5D475031A8BC4D400C25F60 /* AppDelegate.swift */; };
		B5D475061A8BC4D400C25F60 /* ViewController.swift in Sources */ = {isa = PBXBuildFile; fileRef = B5D475051A8BC4D400C25F60 /* ViewController.swift */; };
		B5D475091A8BC4D400C25F60 /* Main.storyboard in Resources */ = {isa = PBXBuildFile; fileRef = B5D475071A8BC4D400C25F60 /* Main.storyboard */; };
		B5D4750B1A8BC4D400C25F60 /* Images.xcassets in Resources */ = {isa = PBXBuildFile; fileRef = B5D4750A1A8BC4D400C25F60 /* Images.xcassets */; };
		B5D4750E1A8BC4D400C25F60 /* LaunchScreen.xib in Resources */ = {isa = PBXBuildFile; fileRef = B5D4750C1A8BC4D400C25F60 /* LaunchScreen.xib */; };
		B5D4751A1A8BC4D400C25F60 /* HW2_CarouselTests.swift in Sources */ = {isa = PBXBuildFile; fileRef = B5D475191A8BC4D400C25F60 /* HW2_CarouselTests.swift */; };
		B5D475241A8BC5C300C25F60 /* Common.swift in Sources */ = {isa = PBXBuildFile; fileRef = B5D475231A8BC5C300C25F60 /* Common.swift */; };
		B5D475261A8BCA9300C25F60 /* IntroViewController.swift in Sources */ = {isa = PBXBuildFile; fileRef = B5D475251A8BCA9300C25F60 /* IntroViewController.swift */; };
		B5D475281A8BCE0F00C25F60 /* SignInViewController.swift in Sources */ = {isa = PBXBuildFile; fileRef = B5D475271A8BCE0F00C25F60 /* SignInViewController.swift */; };
		B5DE02B71A8DAC8C00054BFA /* WelcomeViewController.swift in Sources */ = {isa = PBXBuildFile; fileRef = B5DE02B61A8DAC8C00054BFA /* WelcomeViewController.swift */; };
/* End PBXBuildFile section */

/* Begin PBXContainerItemProxy section */
		B5D475141A8BC4D400C25F60 /* PBXContainerItemProxy */ = {
			isa = PBXContainerItemProxy;
			containerPortal = B5D474F61A8BC4D300C25F60 /* Project object */;
			proxyType = 1;
			remoteGlobalIDString = B5D474FD1A8BC4D400C25F60;
			remoteInfo = "HW2 Carousel";
		};
/* End PBXContainerItemProxy section */

/* Begin PBXFileReference section */
		B594C2091A8FD3260078EDFD /* FeedViewController.swift */ = {isa = PBXFileReference; fileEncoding = 4; lastKnownFileType = sourcecode.swift; path = FeedViewController.swift; sourceTree = "<group>"; };
		B594C20B1A8FD6730078EDFD /* ConversationsViewController.swift */ = {isa = PBXFileReference; fileEncoding = 4; lastKnownFileType = sourcecode.swift; path = ConversationsViewController.swift; sourceTree = "<group>"; };
		B594C20D1A8FD77F0078EDFD /* SettingsViewController.swift */ = {isa = PBXFileReference; fileEncoding = 4; lastKnownFileType = sourcecode.swift; path = SettingsViewController.swift; sourceTree = "<group>"; };
		B5D474FE1A8BC4D400C25F60 /* HW2 Carousel.app */ = {isa = PBXFileReference; explicitFileType = wrapper.application; includeInIndex = 0; path = "HW2 Carousel.app"; sourceTree = BUILT_PRODUCTS_DIR; };
		B5D475021A8BC4D400C25F60 /* Info.plist */ = {isa = PBXFileReference; lastKnownFileType = text.plist.xml; path = Info.plist; sourceTree = "<group>"; };
		B5D475031A8BC4D400C25F60 /* AppDelegate.swift */ = {isa = PBXFileReference; lastKnownFileType = sourcecode.swift; path = AppDelegate.swift; sourceTree = "<group>"; };
		B5D475051A8BC4D400C25F60 /* ViewController.swift */ = {isa = PBXFileReference; lastKnownFileType = sourcecode.swift; path = ViewController.swift; sourceTree = "<group>"; };
		B5D475081A8BC4D400C25F60 /* Base */ = {isa = PBXFileReference; lastKnownFileType = file.storyboard; name = Base; path = Base.lproj/Main.storyboard; sourceTree = "<group>"; };
		B5D4750A1A8BC4D400C25F60 /* Images.xcassets */ = {isa = PBXFileReference; lastKnownFileType = folder.assetcatalog; path = Images.xcassets; sourceTree = "<group>"; };
		B5D4750D1A8BC4D400C25F60 /* Base */ = {isa = PBXFileReference; lastKnownFileType = file.xib; name = Base; path = Base.lproj/LaunchScreen.xib; sourceTree = "<group>"; };
		B5D475131A8BC4D400C25F60 /* HW2 CarouselTests.xctest */ = {isa = PBXFileReference; explicitFileType = wrapper.cfbundle; includeInIndex = 0; path = "HW2 CarouselTests.xctest"; sourceTree = BUILT_PRODUCTS_DIR; };
		B5D475181A8BC4D400C25F60 /* Info.plist */ = {isa = PBXFileReference; lastKnownFileType = text.plist.xml; path = Info.plist; sourceTree = "<group>"; };
		B5D475191A8BC4D400C25F60 /* HW2_CarouselTests.swift */ = {isa = PBXFileReference; lastKnownFileType = sourcecode.swift; path = HW2_CarouselTests.swift; sourceTree = "<group>"; };
		B5D475231A8BC5C300C25F60 /* Common.swift */ = {isa = PBXFileReference; fileEncoding = 4; lastKnownFileType = sourcecode.swift; path = Common.swift; sourceTree = "<group>"; };
		B5D475251A8BCA9300C25F60 /* IntroViewController.swift */ = {isa = PBXFileReference; fileEncoding = 4; lastKnownFileType = sourcecode.swift; path = IntroViewController.swift; sourceTree = "<group>"; };
		B5D475271A8BCE0F00C25F60 /* SignInViewController.swift */ = {isa = PBXFileReference; fileEncoding = 4; lastKnownFileType = sourcecode.swift; path = SignInViewController.swift; sourceTree = "<group>"; };
		B5DE02B61A8DAC8C00054BFA /* WelcomeViewController.swift */ = {isa = PBXFileReference; fileEncoding = 4; lastKnownFileType = sourcecode.swift; path = WelcomeViewController.swift; sourceTree = "<group>"; };
/* End PBXFileReference section */

/* Begin PBXFrameworksBuildPhase section */
		B5D474FB1A8BC4D400C25F60 /* Frameworks */ = {
			isa = PBXFrameworksBuildPhase;
			buildActionMask = 2147483647;
			files = (
			);
			runOnlyForDeploymentPostprocessing = 0;
		};
		B5D475101A8BC4D400C25F60 /* Frameworks */ = {
			isa = PBXFrameworksBuildPhase;
			buildActionMask = 2147483647;
			files = (
			);
			runOnlyForDeploymentPostprocessing = 0;
		};
/* End PBXFrameworksBuildPhase section */

/* Begin PBXGroup section */
		B5D474F51A8BC4D300C25F60 = {
			isa = PBXGroup;
			children = (
				B5D475001A8BC4D400C25F60 /* HW2 Carousel */,
				B5D475161A8BC4D400C25F60 /* HW2 CarouselTests */,
				B5D474FF1A8BC4D400C25F60 /* Products */,
			);
			sourceTree = "<group>";
		};
		B5D474FF1A8BC4D400C25F60 /* Products */ = {
			isa = PBXGroup;
			children = (
				B5D474FE1A8BC4D400C25F60 /* HW2 Carousel.app */,
				B5D475131A8BC4D400C25F60 /* HW2 CarouselTests.xctest */,
			);
			name = Products;
			sourceTree = "<group>";
		};
		B5D475001A8BC4D400C25F60 /* HW2 Carousel */ = {
			isa = PBXGroup;
			children = (
				B5D475231A8BC5C300C25F60 /* Common.swift */,
				B5D475031A8BC4D400C25F60 /* AppDelegate.swift */,
				B5D475051A8BC4D400C25F60 /* ViewController.swift */,
				B5D475071A8BC4D400C25F60 /* Main.storyboard */,
				B5D4750A1A8BC4D400C25F60 /* Images.xcassets */,
				B5D4750C1A8BC4D400C25F60 /* LaunchScreen.xib */,
				B5D475011A8BC4D400C25F60 /* Supporting Files */,
				B5D475251A8BCA9300C25F60 /* IntroViewController.swift */,
				B5D475271A8BCE0F00C25F60 /* SignInViewController.swift */,
				B5DE02B61A8DAC8C00054BFA /* WelcomeViewController.swift */,
				B594C2091A8FD3260078EDFD /* FeedViewController.swift */,
				B594C20B1A8FD6730078EDFD /* ConversationsViewController.swift */,
				B594C20D1A8FD77F0078EDFD /* SettingsViewController.swift */,
			);
			path = "HW2 Carousel";
			sourceTree = "<group>";
		};
		B5D475011A8BC4D400C25F60 /* Supporting Files */ = {
			isa = PBXGroup;
			children = (
				B5D475021A8BC4D400C25F60 /* Info.plist */,
			);
			name = "Supporting Files";
			sourceTree = "<group>";
		};
		B5D475161A8BC4D400C25F60 /* HW2 CarouselTests */ = {
			isa = PBXGroup;
			children = (
				B5D475191A8BC4D400C25F60 /* HW2_CarouselTests.swift */,
				B5D475171A8BC4D400C25F60 /* Supporting Files */,
			);
			path = "HW2 CarouselTests";
			sourceTree = "<group>";
		};
		B5D475171A8BC4D400C25F60 /* Supporting Files */ = {
			isa = PBXGroup;
			children = (
				B5D475181A8BC4D400C25F60 /* Info.plist */,
			);
			name = "Supporting Files";
			sourceTree = "<group>";
		};
/* End PBXGroup section */

/* Begin PBXNativeTarget section */
		B5D474FD1A8BC4D400C25F60 /* HW2 Carousel */ = {
			isa = PBXNativeTarget;
			buildConfigurationList = B5D4751D1A8BC4D400C25F60 /* Build configuration list for PBXNativeTarget "HW2 Carousel" */;
			buildPhases = (
				B5D474FA1A8BC4D400C25F60 /* Sources */,
				B5D474FB1A8BC4D400C25F60 /* Frameworks */,
				B5D474FC1A8BC4D400C25F60 /* Resources */,
			);
			buildRules = (
			);
			dependencies = (
			);
			name = "HW2 Carousel";
			productName = "HW2 Carousel";
			productReference = B5D474FE1A8BC4D400C25F60 /* HW2 Carousel.app */;
			productType = "com.apple.product-type.application";
		};
		B5D475121A8BC4D400C25F60 /* HW2 CarouselTests */ = {
			isa = PBXNativeTarget;
			buildConfigurationList = B5D475201A8BC4D400C25F60 /* Build configuration list for PBXNativeTarget "HW2 CarouselTests" */;
			buildPhases = (
				B5D4750F1A8BC4D400C25F60 /* Sources */,
				B5D475101A8BC4D400C25F60 /* Frameworks */,
				B5D475111A8BC4D400C25F60 /* Resources */,
			);
			buildRules = (
			);
			dependencies = (
				B5D475151A8BC4D400C25F60 /* PBXTargetDependency */,
			);
			name = "HW2 CarouselTests";
			productName = "HW2 CarouselTests";
			productReference = B5D475131A8BC4D400C25F60 /* HW2 CarouselTests.xctest */;
			productType = "com.apple.product-type.bundle.unit-test";
		};
/* End PBXNativeTarget section */

/* Begin PBXProject section */
		B5D474F61A8BC4D300C25F60 /* Project object */ = {
			isa = PBXProject;
			attributes = {
				LastUpgradeCheck = 0610;
				ORGANIZATIONNAME = Codepath;
				TargetAttributes = {
					B5D474FD1A8BC4D400C25F60 = {
						CreatedOnToolsVersion = 6.1;
					};
					B5D475121A8BC4D400C25F60 = {
						CreatedOnToolsVersion = 6.1;
						TestTargetID = B5D474FD1A8BC4D400C25F60;
					};
				};
			};
			buildConfigurationList = B5D474F91A8BC4D300C25F60 /* Build configuration list for PBXProject "HW2 Carousel" */;
			compatibilityVersion = "Xcode 3.2";
			developmentRegion = English;
			hasScannedForEncodings = 0;
			knownRegions = (
				en,
				Base,
			);
			mainGroup = B5D474F51A8BC4D300C25F60;
			productRefGroup = B5D474FF1A8BC4D400C25F60 /* Products */;
			projectDirPath = "";
			projectRoot = "";
			targets = (
				B5D474FD1A8BC4D400C25F60 /* HW2 Carousel */,
				B5D475121A8BC4D400C25F60 /* HW2 CarouselTests */,
			);
		};
/* End PBXProject section */

/* Begin PBXResourcesBuildPhase section */
		B5D474FC1A8BC4D400C25F60 /* Resources */ = {
			isa = PBXResourcesBuildPhase;
			buildActionMask = 2147483647;
			files = (
				B5D475091A8BC4D400C25F60 /* Main.storyboard in Resources */,
				B5D4750E1A8BC4D400C25F60 /* LaunchScreen.xib in Resources */,
				B5D4750B1A8BC4D400C25F60 /* Images.xcassets in Resources */,
			);
			runOnlyForDeploymentPostprocessing = 0;
		};
		B5D475111A8BC4D400C25F60 /* Resources */ = {
			isa = PBXResourcesBuildPhase;
			buildActionMask = 2147483647;
			files = (
			);
			runOnlyForDeploymentPostprocessing = 0;
		};
/* End PBXResourcesBuildPhase section */

/* Begin PBXSourcesBuildPhase section */
		B5D474FA1A8BC4D400C25F60 /* Sources */ = {
			isa = PBXSourcesBuildPhase;
			buildActionMask = 2147483647;
			files = (
				B5D475061A8BC4D400C25F60 /* ViewController.swift in Sources */,
				B5D475241A8BC5C300C25F60 /* Common.swift in Sources */,
				B5D475041A8BC4D400C25F60 /* AppDelegate.swift in Sources */,
				B594C20C1A8FD6730078EDFD /* ConversationsViewController.swift in Sources */,
				B5DE02B71A8DAC8C00054BFA /* WelcomeViewController.swift in Sources */,
				B5D475281A8BCE0F00C25F60 /* SignInViewController.swift in Sources */,
				B5D475261A8BCA9300C25F60 /* IntroViewController.swift in Sources */,
				B594C20A1A8FD3260078EDFD /* FeedViewController.swift in Sources */,
				B594C20E1A8FD77F0078EDFD /* SettingsViewController.swift in Sources */,
			);
			runOnlyForDeploymentPostprocessing = 0;
		};
		B5D4750F1A8BC4D400C25F60 /* Sources */ = {
			isa = PBXSourcesBuildPhase;
			buildActionMask = 2147483647;
			files = (
				B5D4751A1A8BC4D400C25F60 /* HW2_CarouselTests.swift in Sources */,
			);
			runOnlyForDeploymentPostprocessing = 0;
		};
/* End PBXSourcesBuildPhase section */

/* Begin PBXTargetDependency section */
		B5D475151A8BC4D400C25F60 /* PBXTargetDependency */ = {
			isa = PBXTargetDependency;
			target = B5D474FD1A8BC4D400C25F60 /* HW2 Carousel */;
			targetProxy = B5D475141A8BC4D400C25F60 /* PBXContainerItemProxy */;
		};
/* End PBXTargetDependency section */

/* Begin PBXVariantGroup section */
		B5D475071A8BC4D400C25F60 /* Main.storyboard */ = {
			isa = PBXVariantGroup;
			children = (
				B5D475081A8BC4D400C25F60 /* Base */,
			);
			name = Main.storyboard;
			sourceTree = "<group>";
		};
		B5D4750C1A8BC4D400C25F60 /* LaunchScreen.xib */ = {
			isa = PBXVariantGroup;
			children = (
				B5D4750D1A8BC4D400C25F60 /* Base */,
			);
			name = LaunchScreen.xib;
			sourceTree = "<group>";
		};
/* End PBXVariantGroup section */

/* Begin XCBuildConfiguration section */
		B5D4751B1A8BC4D400C25F60 /* Debug */ = {
			isa = XCBuildConfiguration;
			buildSettings = {
				ALWAYS_SEARCH_USER_PATHS = NO;
				CLANG_CXX_LANGUAGE_STANDARD = "gnu++0x";
				CLANG_CXX_LIBRARY = "libc++";
				CLANG_ENABLE_MODULES = YES;
				CLANG_ENABLE_OBJC_ARC = YES;
				CLANG_WARN_BOOL_CONVERSION = YES;
				CLANG_WARN_CONSTANT_CONVERSION = YES;
				CLANG_WARN_DIRECT_OBJC_ISA_USAGE = YES_ERROR;
				CLANG_WARN_EMPTY_BODY = YES;
				CLANG_WARN_ENUM_CONVERSION = YES;
				CLANG_WARN_INT_CONVERSION = YES;
				CLANG_WARN_OBJC_ROOT_CLASS = YES_ERROR;
				CLANG_WARN_UNREACHABLE_CODE = YES;
				CLANG_WARN__DUPLICATE_METHOD_MATCH = YES;
				"CODE_SIGN_IDENTITY[sdk=iphoneos*]" = "iPhone Developer";
				COPY_PHASE_STRIP = NO;
				ENABLE_STRICT_OBJC_MSGSEND = YES;
				GCC_C_LANGUAGE_STANDARD = gnu99;
				GCC_DYNAMIC_NO_PIC = NO;
				GCC_OPTIMIZATION_LEVEL = 0;
				GCC_PREPROCESSOR_DEFINITIONS = (
					"DEBUG=1",
					"$(inherited)",
				);
				GCC_SYMBOLS_PRIVATE_EXTERN = NO;
				GCC_WARN_64_TO_32_BIT_CONVERSION = YES;
				GCC_WARN_ABOUT_RETURN_TYPE = YES_ERROR;
				GCC_WARN_UNDECLARED_SELECTOR = YES;
				GCC_WARN_UNINITIALIZED_AUTOS = YES_AGGRESSIVE;
				GCC_WARN_UNUSED_FUNCTION = YES;
				GCC_WARN_UNUSED_VARIABLE = YES;
				IPHONEOS_DEPLOYMENT_TARGET = 8.1;
				MTL_ENABLE_DEBUG_INFO = YES;
				ONLY_ACTIVE_ARCH = YES;
				SDKROOT = iphoneos;
				SWIFT_OPTIMIZATION_LEVEL = "-Onone";
			};
			name = Debug;
		};
		B5D4751C1A8BC4D400C25F60 /* Release */ = {
			isa = XCBuildConfiguration;
			buildSettings = {
				ALWAYS_SEARCH_USER_PATHS = NO;
				CLANG_CXX_LANGUAGE_STANDARD = "gnu++0x";
				CLANG_CXX_LIBRARY = "libc++";
				CLANG_ENABLE_MODULES = YES;
				CLANG_ENABLE_OBJC_ARC = YES;
				CLANG_WARN_BOOL_CONVERSION = YES;
				CLANG_WARN_CONSTANT_CONVERSION = YES;
				CLANG_WARN_DIRECT_OBJC_ISA_USAGE = YES_ERROR;
				CLANG_WARN_EMPTY_BODY = YES;
				CLANG_WARN_ENUM_CONVERSION = YES;
				CLANG_WARN_INT_CONVERSION = YES;
				CLANG_WARN_OBJC_ROOT_CLASS = YES_ERROR;
				CLANG_WARN_UNREACHABLE_CODE = YES;
				CLANG_WARN__DUPLICATE_METHOD_MATCH = YES;
				"CODE_SIGN_IDENTITY[sdk=iphoneos*]" = "iPhone Developer";
				COPY_PHASE_STRIP = YES;
				ENABLE_NS_ASSERTIONS = NO;
				ENABLE_STRICT_OBJC_MSGSEND = YES;
				GCC_C_LANGUAGE_STANDARD = gnu99;
				GCC_WARN_64_TO_32_BIT_CONVERSION = YES;
				GCC_WARN_ABOUT_RETURN_TYPE = YES_ERROR;
				GCC_WARN_UNDECLARED_SELECTOR = YES;
				GCC_WARN_UNINITIALIZED_AUTOS = YES_AGGRESSIVE;
				GCC_WARN_UNUSED_FUNCTION = YES;
				GCC_WARN_UNUSED_VARIABLE = YES;
				IPHONEOS_DEPLOYMENT_TARGET = 8.1;
				MTL_ENABLE_DEBUG_INFO = NO;
				SDKROOT = iphoneos;
				VALIDATE_PRODUCT = YES;
			};
			name = Release;
		};
		B5D4751E1A8BC4D400C25F60 /* Debug */ = {
			isa = XCBuildConfiguration;
			buildSettings = {
				ASSETCATALOG_COMPILER_APPICON_NAME = AppIcon;
				ASSETCATALOG_COMPILER_LAUNCHIMAGE_NAME = LaunchImage;
				INFOPLIST_FILE = "HW2 Carousel/Info.plist";
				LD_RUNPATH_SEARCH_PATHS = "$(inherited) @executable_path/Frameworks";
				PRODUCT_NAME = "$(TARGET_NAME)";
			};
			name = Debug;
		};
		B5D4751F1A8BC4D400C25F60 /* Release */ = {
			isa = XCBuildConfiguration;
			buildSettings = {
				ASSETCATALOG_COMPILER_APPICON_NAME = AppIcon;
				ASSETCATALOG_COMPILER_LAUNCHIMAGE_NAME = LaunchImage;
				INFOPLIST_FILE = "HW2 Carousel/Info.plist";
				LD_RUNPATH_SEARCH_PATHS = "$(inherited) @executable_path/Frameworks";
				PRODUCT_NAME = "$(TARGET_NAME)";
			};
			name = Release;
		};
		B5D475211A8BC4D400C25F60 /* Debug */ = {
			isa = XCBuildConfiguration;
			buildSettings = {
				BUNDLE_LOADER = "$(TEST_HOST)";
				FRAMEWORK_SEARCH_PATHS = (
					"$(SDKROOT)/Developer/Library/Frameworks",
					"$(inherited)",
				);
				GCC_PREPROCESSOR_DEFINITIONS = (
					"DEBUG=1",
					"$(inherited)",
				);
				INFOPLIST_FILE = "HW2 CarouselTests/Info.plist";
				LD_RUNPATH_SEARCH_PATHS = "$(inherited) @executable_path/Frameworks @loader_path/Frameworks";
				PRODUCT_NAME = "$(TARGET_NAME)";
				TEST_HOST = "$(BUILT_PRODUCTS_DIR)/HW2 Carousel.app/HW2 Carousel";
			};
			name = Debug;
		};
		B5D475221A8BC4D400C25F60 /* Release */ = {
			isa = XCBuildConfiguration;
			buildSettings = {
				BUNDLE_LOADER = "$(TEST_HOST)";
				FRAMEWORK_SEARCH_PATHS = (
					"$(SDKROOT)/Developer/Library/Frameworks",
					"$(inherited)",
				);
				INFOPLIST_FILE = "HW2 CarouselTests/Info.plist";
				LD_RUNPATH_SEARCH_PATHS = "$(inherited) @executable_path/Frameworks @loader_path/Frameworks";
				PRODUCT_NAME = "$(TARGET_NAME)";
				TEST_HOST = "$(BUILT_PRODUCTS_DIR)/HW2 Carousel.app/HW2 Carousel";
			};
			name = Release;
		};
/* End XCBuildConfiguration section */

/* Begin XCConfigurationList section */
		B5D474F91A8BC4D300C25F60 /* Build configuration list for PBXProject "HW2 Carousel" */ = {
			isa = XCConfigurationList;
			buildConfigurations = (
				B5D4751B1A8BC4D400C25F60 /* Debug */,
				B5D4751C1A8BC4D400C25F60 /* Release */,
			);
			defaultConfigurationIsVisible = 0;
			defaultConfigurationName = Release;
		};
		B5D4751D1A8BC4D400C25F60 /* Build configuration list for PBXNativeTarget "HW2 Carousel" */ = {
			isa = XCConfigurationList;
			buildConfigurations = (
				B5D4751E1A8BC4D400C25F60 /* Debug */,
				B5D4751F1A8BC4D400C25F60 /* Release */,
			);
			defaultConfigurationIsVisible = 0;
			defaultConfigurationName = Release;
		};
		B5D475201A8BC4D400C25F60 /* Build configuration list for PBXNativeTarget "HW2 CarouselTests" */ = {
			isa = XCConfigurationList;
			buildConfigurations = (
				B5D475211A8BC4D400C25F60 /* Debug */,
				B5D475221A8BC4D400C25F60 /* Release */,
			);
			defaultConfigurationIsVisible = 0;
			defaultConfigurationName = Release;
		};
/* End XCConfigurationList section */
	};
	rootObject = B5D474F61A8BC4D300C25F60 /* Project object */;
}
